
Microsoft Visual Studio Solution File, Format Version 12.00
# Visual Studio 15
VisualStudioVersion = 15.0.28307.136
MinimumVisualStudioVersion = 10.0.40219.1
Project("{F2A71F9B-5D33-465A-A702-920D77279786}") = "MonoSuave", "MonoSuave\MonoSuave.fsproj", "{3322C784-8586-49BB-8E06-6BA996B7963C}"
EndProject
Project("{F2A71F9B-5D33-465A-A702-920D77279786}") = "MonoSuave.Deploy", "MonoSuave.Deploy\MonoSuave.Deploy.fsproj", "{CE244D48-2076-44DD-8D9A-C4D6784A31D9}"
EndProject
Global
	GlobalSection(SolutionConfigurationPlatforms) = preSolution
		Debug|Any CPU = Debug|Any CPU
		Release|Any CPU = Release|Any CPU
	EndGlobalSection
	GlobalSection(ProjectConfigurationPlatforms) = postSolution
		{3322C784-8586-49BB-8E06-6BA996B7963C}.Debug|Any CPU.ActiveCfg = Debug|Any CPU
		{3322C784-8586-49BB-8E06-6BA996B7963C}.Debug|Any CPU.Build.0 = Debug|Any CPU
		{3322C784-8586-49BB-8E06-6BA996B7963C}.Release|Any CPU.ActiveCfg = Release|Any CPU
		{3322C784-8586-49BB-8E06-6BA996B7963C}.Release|Any CPU.Build.0 = Release|Any CPU
		{CE244D48-2076-44DD-8D9A-C4D6784A31D9}.Debug|Any CPU.ActiveCfg = Debug|Any CPU
		{CE244D48-2076-44DD-8D9A-C4D6784A31D9}.Debug|Any CPU.Build.0 = Debug|Any CPU
		{CE244D48-2076-44DD-8D9A-C4D6784A31D9}.Release|Any CPU.ActiveCfg = Release|Any CPU
		{CE244D48-2076-44DD-8D9A-C4D6784A31D9}.Release|Any CPU.Build.0 = Release|Any CPU
	EndGlobalSection
	GlobalSection(SolutionProperties) = preSolution
		HideSolutionNode = FALSE
	EndGlobalSection
	GlobalSection(ExtensibilityGlobals) = postSolution
		SolutionGuid = {62319990-C864-4C53-9CB9-E94365405A55}
	EndGlobalSection
EndGlobal
